
Microsoft Visual Studio Solution File, Format Version 12.00
# Visual Studio 15
VisualStudioVersion = 15.0.28307.1321
MinimumVisualStudioVersion = 10.0.40219.1
Project("{FAE04EC0-301F-11D3-BF4B-00C04F79EFBC}") = "LogicGates", "LogicGates\LogicGates.csproj", "{6D0BD7A7-2173-4BAC-9ADC-332B71587149}"
EndProject
Global
	GlobalSection(SolutionConfigurationPlatforms) = preSolution
		Debug|Any CPU = Debug|Any CPU
		Release|Any CPU = Release|Any CPU
	EndGlobalSection
	GlobalSection(ProjectConfigurationPlatforms) = postSolution
		{6D0BD7A7-2173-4BAC-9ADC-332B71587149}.Debug|Any CPU.ActiveCfg = Debug|Any CPU
		{6D0BD7A7-2173-4BAC-9ADC-332B71587149}.Debug|Any CPU.Build.0 = Debug|Any CPU
		{6D0BD7A7-2173-4BAC-9ADC-332B71587149}.Release|Any CPU.ActiveCfg = Release|Any CPU
		{6D0BD7A7-2173-4BAC-9ADC-332B71587149}.Release|Any CPU.Build.0 = Release|Any CPU
	EndGlobalSection
	GlobalSection(SolutionProperties) = preSolution
		HideSolutionNode = FALSE
	EndGlobalSection
	GlobalSection(ExtensibilityGlobals) = postSolution
		SolutionGuid = {B27C4F42-2C81-45EC-85F0-E479556B1782}
	EndGlobalSection
EndGlobal
